
Microsoft Visual Studio Solution File, Format Version 12.00
# Visual Studio Version 17
VisualStudioVersion = 17.2.32602.215
MinimumVisualStudioVersion = 10.0.40219.1
Project("{9A19103F-16F7-4668-BE54-9A1E7A4F7556}") = "ContextExample", "MovieLibraryApplication\ContextExample.csproj", "{A7F7D65D-B132-41A6-AF32-0796D586AB07}"
EndProject
Project("{9A19103F-16F7-4668-BE54-9A1E7A4F7556}") = "MovieLibraryEntities", "MovieLibraryEntities\MovieLibraryEntities.csproj", "{BABFE9F7-7659-4B8A-BC38-F9687BAB826F}"
EndProject
Global
	GlobalSection(SolutionConfigurationPlatforms) = preSolution
		Debug|Any CPU = Debug|Any CPU
		Release|Any CPU = Release|Any CPU
	EndGlobalSection
	GlobalSection(ProjectConfigurationPlatforms) = postSolution
		{A7F7D65D-B132-41A6-AF32-0796D586AB07}.Debug|Any CPU.ActiveCfg = Debug|Any CPU
		{A7F7D65D-B132-41A6-AF32-0796D586AB07}.Debug|Any CPU.Build.0 = Debug|Any CPU
		{A7F7D65D-B132-41A6-AF32-0796D586AB07}.Release|Any CPU.ActiveCfg = Release|Any CPU
		{A7F7D65D-B132-41A6-AF32-0796D586AB07}.Release|Any CPU.Build.0 = Release|Any CPU
		{BABFE9F7-7659-4B8A-BC38-F9687BAB826F}.Debug|Any CPU.ActiveCfg = Debug|Any CPU
		{BABFE9F7-7659-4B8A-BC38-F9687BAB826F}.Debug|Any CPU.Build.0 = Debug|Any CPU
		{BABFE9F7-7659-4B8A-BC38-F9687BAB826F}.Release|Any CPU.ActiveCfg = Release|Any CPU
		{BABFE9F7-7659-4B8A-BC38-F9687BAB826F}.Release|Any CPU.Build.0 = Release|Any CPU
	EndGlobalSection
	GlobalSection(SolutionProperties) = preSolution
		HideSolutionNode = FALSE
	EndGlobalSection
	GlobalSection(ExtensibilityGlobals) = postSolution
		SolutionGuid = {AE52F7FF-A5F0-44AB-B9D5-98C90AC6B722}
	EndGlobalSection
EndGlobal
